
Microsoft Visual Studio Solution File, Format Version 12.00
# Visual Studio Version 16
VisualStudioVersion = 16.0.31205.134
MinimumVisualStudioVersion = 10.0.40219.1
Project("{FAE04EC0-301F-11D3-BF4B-00C04F79EFBC}") = "Kutuphane Otomasyonu", "Kutuphane Otomasyonu.csproj", "{09D78340-FC6F-46AB-A197-5F3F4A32AE1C}"
EndProject
Global
	GlobalSection(SolutionConfigurationPlatforms) = preSolution
		Debug|Any CPU = Debug|Any CPU
		Release|Any CPU = Release|Any CPU
	EndGlobalSection
	GlobalSection(ProjectConfigurationPlatforms) = postSolution
		{09D78340-FC6F-46AB-A197-5F3F4A32AE1C}.Debug|Any CPU.ActiveCfg = Debug|Any CPU
		{09D78340-FC6F-46AB-A197-5F3F4A32AE1C}.Debug|Any CPU.Build.0 = Debug|Any CPU
		{09D78340-FC6F-46AB-A197-5F3F4A32AE1C}.Release|Any CPU.ActiveCfg = Release|Any CPU
		{09D78340-FC6F-46AB-A197-5F3F4A32AE1C}.Release|Any CPU.Build.0 = Release|Any CPU
	EndGlobalSection
	GlobalSection(SolutionProperties) = preSolution
		HideSolutionNode = FALSE
	EndGlobalSection
	GlobalSection(ExtensibilityGlobals) = postSolution
		SolutionGuid = {267D18C3-59D4-401D-89D2-D3DECB490DB1}
	EndGlobalSection
EndGlobal
